
Microsoft Visual Studio Solution File, Format Version 12.00
# Visual Studio 14
VisualStudioVersion = 14.0.24720.0
MinimumVisualStudioVersion = 10.0.40219.1
Project("{FAE04EC0-301F-11D3-BF4B-00C04F79EFBC}") = "Petrolstation.Businesslogic", "Petrolstation.Businesslogic\Petrolstation.Businesslogic.csproj", "{5F45F1DA-CA69-4255-BA19-D193D8ADEF0C}"
EndProject
Project("{FAE04EC0-301F-11D3-BF4B-00C04F79EFBC}") = "Petrolstation.UserInterface", "Petrolstation.UserInterface\Petrolstation.UserInterface.csproj", "{0A09358D-F888-4C42-BDF6-9812A5FCEE76}"
EndProject
Global
	GlobalSection(SolutionConfigurationPlatforms) = preSolution
		Debug|Any CPU = Debug|Any CPU
		Release|Any CPU = Release|Any CPU
	EndGlobalSection
	GlobalSection(ProjectConfigurationPlatforms) = postSolution
		{5F45F1DA-CA69-4255-BA19-D193D8ADEF0C}.Debug|Any CPU.ActiveCfg = Debug|Any CPU
		{5F45F1DA-CA69-4255-BA19-D193D8ADEF0C}.Debug|Any CPU.Build.0 = Debug|Any CPU
		{5F45F1DA-CA69-4255-BA19-D193D8ADEF0C}.Release|Any CPU.ActiveCfg = Release|Any CPU
		{5F45F1DA-CA69-4255-BA19-D193D8ADEF0C}.Release|Any CPU.Build.0 = Release|Any CPU
		{0A09358D-F888-4C42-BDF6-9812A5FCEE76}.Debug|Any CPU.ActiveCfg = Debug|Any CPU
		{0A09358D-F888-4C42-BDF6-9812A5FCEE76}.Debug|Any CPU.Build.0 = Debug|Any CPU
		{0A09358D-F888-4C42-BDF6-9812A5FCEE76}.Release|Any CPU.ActiveCfg = Release|Any CPU
		{0A09358D-F888-4C42-BDF6-9812A5FCEE76}.Release|Any CPU.Build.0 = Release|Any CPU
	EndGlobalSection
	GlobalSection(SolutionProperties) = preSolution
		HideSolutionNode = FALSE
	EndGlobalSection
EndGlobal
